{
  "nodes": {
    "crane": {
      "inputs": {
        "flake-compat": "flake-compat",
        "flake-utils": [
          "flake-utils"
        ],
        "nixpkgs": [
          "nixpkgs"
        ],
        "rust-overlay": [
          "rust-overlay"
        ]
      },
      "locked": {
        "lastModified": 1669954375,
        "narHash": "sha256-jEz/kMX6p8GBYLJSargxn9Fg3nSj7smSUquM281wVqQ=",
        "owner": "ipetkov",
        "repo": "crane",
        "rev": "ea271bdc05810171a52548c4ae28d4823c09d34e",
        "type": "github"
      },
      "original": {
        "owner": "ipetkov",
        "repo": "crane",
        "type": "github"
      }
    },
    "fenix": {
      "inputs": {
        "nixpkgs": [
          "nixpkgs"
        ],
        "rust-analyzer-src": "rust-analyzer-src"
      },
      "locked": {
        "lastModified": 1670048555,
        "narHash": "sha256-aDPv/Cqq5zuipggMt135/J8EsvTat5z7PMKIGif8U88=",
        "owner": "nix-community",
        "repo": "fenix",
        "rev": "1275708e85707bbcd363b72d1b0e46cf4b61ddfb",
        "type": "github"
      },
      "original": {
        "owner": "nix-community",
        "repo": "fenix",
        "type": "github"
      }
    },
    "flake-compat": {
      "flake": false,
      "locked": {
        "lastModified": 1650374568,
        "narHash": "sha256-Z+s0J8/r907g149rllvwhb4pKi8Wam5ij0st8PwAh+E=",
        "owner": "edolstra",
        "repo": "flake-compat",
        "rev": "b4a34015c698c7793d592d66adbab377907a2be8",
        "type": "github"
      },
      "original": {
        "owner": "edolstra",
        "repo": "flake-compat",
        "type": "github"
      }
    },
    "flake-parts": {
      "inputs": {
        "nixpkgs-lib": "nixpkgs-lib"
      },
      "locked": {
        "lastModified": 1668450977,
        "narHash": "sha256-cfLhMhnvXn6x1vPm+Jow3RiFAUSCw/l1utktCw5rVA4=",
        "owner": "hercules-ci",
        "repo": "flake-parts",
        "rev": "d591857e9d7dd9ddbfba0ea02b43b927c3c0f1fa",
        "type": "github"
      },
      "original": {
        "owner": "hercules-ci",
        "repo": "flake-parts",
        "type": "github"
      }
    },
    "flake-utils": {
      "locked": {
        "lastModified": 1667395993,
        "narHash": "sha256-nuEHfE/LcWyuSWnS8t12N1wc105Qtau+/OdUAjtQ0rA=",
        "owner": "numtide",
        "repo": "flake-utils",
        "rev": "5aed5285a952e0b949eb3ba02c12fa4fcfef535f",
        "type": "github"
      },
      "original": {
        "owner": "numtide",
        "repo": "flake-utils",
        "type": "github"
      }
    },
    "min-src": {
      "flake": false,
      "locked": {
        "lastModified": 1641050912,
        "narHash": "sha256-HxT2Yzx2KS7QJE1EdkMcWqGwUmjS53lSQ54+IZ+kD/8=",
        "owner": "h3rald",
        "repo": "min",
        "rev": "feee899d1dfebf8386152f1f921b6539deb0e917",
        "type": "github"
      },
      "original": {
        "owner": "h3rald",
        "ref": "v0.37.0",
        "repo": "min",
        "type": "github"
      }
    },
    "nixpkgs": {
      "locked": {
        "lastModified": 1670047204,
        "narHash": "sha256-5NcSGchQbl9DKMQ31qmgfscmrAg7qilJF/no2nBSRzs=",
        "owner": "nixos",
        "repo": "nixpkgs",
        "rev": "809f15f2e7fd66c3d3ba6aabffa946fbd67f93fc",
        "type": "github"
      },
      "original": {
        "owner": "nixos",
        "ref": "nixpkgs-unstable",
        "repo": "nixpkgs",
        "type": "github"
      }
    },
    "nixpkgs-lib": {
      "locked": {
        "dir": "lib",
        "lastModified": 1665349835,
        "narHash": "sha256-UK4urM3iN80UXQ7EaOappDzcisYIuEURFRoGQ/yPkug=",
        "owner": "NixOS",
        "repo": "nixpkgs",
        "rev": "34c5293a71ffdb2fe054eb5288adc1882c1eb0b1",
        "type": "github"
      },
      "original": {
        "dir": "lib",
        "owner": "NixOS",
        "ref": "nixos-unstable",
        "repo": "nixpkgs",
        "type": "github"
      }
    },
    "nur": {
      "inputs": {
        "flake-parts": [
          "flake-parts"
        ],
        "nixpkgs": [
          "nixpkgs"
        ]
      },
      "locked": {
        "lastModified": 1670058470,
        "narHash": "sha256-fPrG3Lek91XtgCMa3g9GNiiWA6EAjJz8Jigse7cx7Sk=",
        "owner": "nrabulinski",
        "repo": "nur-packages",
        "rev": "942d105a06b9d62b3174caa74c33499c6eba5079",
        "type": "github"
      },
      "original": {
        "owner": "nrabulinski",
        "repo": "nur-packages",
        "type": "github"
      }
    },
    "root": {
      "inputs": {
        "crane": "crane",
        "fenix": "fenix",
        "flake-parts": "flake-parts",
        "flake-utils": "flake-utils",
        "min-src": "min-src",
        "nixpkgs": "nixpkgs",
        "nur": "nur",
        "rust-overlay": "rust-overlay"
      }
    },
    "rust-analyzer-src": {
      "flake": false,
      "locked": {
        "lastModified": 1669747020,
        "narHash": "sha256-kNfchCXcI4jcwBdU57f4ifdgPAvLKLJIHKUCiZVv+v0=",
        "owner": "rust-lang",
        "repo": "rust-analyzer",
        "rev": "398a71affb05aeeea1991044ec9ca1229e68f0f3",
        "type": "github"
      },
      "original": {
        "owner": "rust-lang",
        "ref": "nightly",
        "repo": "rust-analyzer",
        "type": "github"
      }
    },
    "rust-overlay": {
      "inputs": {
        "flake-utils": [
          "flake-utils"
        ],
        "nixpkgs": [
          "nixpkgs"
        ]
      },
      "locked": {
        "lastModified": 1670034122,
        "narHash": "sha256-EqmuOKucPWtMvCZtHraHr3Q3bgVszq1x2PoZtQkUuEk=",
        "owner": "oxalica",
        "repo": "rust-overlay",
        "rev": "a0d5773275ecd4f141d792d3a0376277c0fc0b65",
        "type": "github"
      },
      "original": {
        "owner": "oxalica",
        "repo": "rust-overlay",
        "type": "github"
      }
    }
  },
  "root": "root",
  "version": 7
}
