{
  "nodes": {
    "crane": {
      "inputs": {
        "flake-compat": "flake-compat",
        "flake-utils": [
          "flake-utils"
        ],
        "nixpkgs": [
          "nixpkgs"
        ],
        "rust-overlay": [
          "rust-overlay"
        ]
      },
      "locked": {
        "lastModified": 1670284777,
        "narHash": "sha256-JF0pc0s4z/X+Iy+lNHOwUQ8I5bz+q7uX4HrKTNIEj24=",
        "owner": "ipetkov",
        "repo": "crane",
        "rev": "2243fb9c872de25cb564a02d324ea6a5b9853052",
        "type": "github"
      },
      "original": {
        "owner": "ipetkov",
        "repo": "crane",
        "type": "github"
      }
    },
    "fenix": {
      "inputs": {
        "nixpkgs": [
          "nixpkgs"
        ],
        "rust-analyzer-src": "rust-analyzer-src"
      },
      "locked": {
        "lastModified": 1670480689,
        "narHash": "sha256-DADoR6R7DpnQaZjuUr6Z5EeNxr9ClP6u3Oqf7PpS9yA=",
        "owner": "nix-community",
        "repo": "fenix",
        "rev": "e7941faba7f6cd0a6058330ad8c40d8dc52d741c",
        "type": "github"
      },
      "original": {
        "owner": "nix-community",
        "repo": "fenix",
        "type": "github"
      }
    },
    "flake-compat": {
      "flake": false,
      "locked": {
        "lastModified": 1668681692,
        "narHash": "sha256-Ht91NGdewz8IQLtWZ9LCeNXMSXHUss+9COoqu6JLmXU=",
        "owner": "edolstra",
        "repo": "flake-compat",
        "rev": "009399224d5e398d03b22badca40a37ac85412a1",
        "type": "github"
      },
      "original": {
        "owner": "edolstra",
        "repo": "flake-compat",
        "type": "github"
      }
    },
    "flake-parts": {
      "inputs": {
        "nixpkgs-lib": "nixpkgs-lib"
      },
      "locked": {
        "lastModified": 1670441596,
        "narHash": "sha256-+T487QnluBT5F9tVk0chG/zzv+9zzTrx3o7rlOBK7ps=",
        "owner": "hercules-ci",
        "repo": "flake-parts",
        "rev": "8d0e2444ab05f79df93b70e5e497f8c708eb6b9b",
        "type": "github"
      },
      "original": {
        "owner": "hercules-ci",
        "repo": "flake-parts",
        "type": "github"
      }
    },
    "flake-utils": {
      "locked": {
        "lastModified": 1667395993,
        "narHash": "sha256-nuEHfE/LcWyuSWnS8t12N1wc105Qtau+/OdUAjtQ0rA=",
        "owner": "numtide",
        "repo": "flake-utils",
        "rev": "5aed5285a952e0b949eb3ba02c12fa4fcfef535f",
        "type": "github"
      },
      "original": {
        "owner": "numtide",
        "repo": "flake-utils",
        "type": "github"
      }
    },
    "nixpkgs": {
      "locked": {
        "lastModified": 1670267727,
        "narHash": "sha256-hUFAn5gjNHIBpLQT0CmqpuQjQwgWUm+D6aziGAYsDmw=",
        "owner": "nixos",
        "repo": "nixpkgs",
        "rev": "a5f661b80e4c163510a5013b585a040a5c7ef55e",
        "type": "github"
      },
      "original": {
        "owner": "nixos",
        "ref": "nixpkgs-unstable",
        "repo": "nixpkgs",
        "type": "github"
      }
    },
    "nixpkgs-lib": {
      "locked": {
        "dir": "lib",
        "lastModified": 1665349835,
        "narHash": "sha256-UK4urM3iN80UXQ7EaOappDzcisYIuEURFRoGQ/yPkug=",
        "owner": "NixOS",
        "repo": "nixpkgs",
        "rev": "34c5293a71ffdb2fe054eb5288adc1882c1eb0b1",
        "type": "github"
      },
      "original": {
        "dir": "lib",
        "owner": "NixOS",
        "ref": "nixos-unstable",
        "repo": "nixpkgs",
        "type": "github"
      }
    },
    "nur": {
      "inputs": {
        "flake-parts": [
          "flake-parts"
        ],
        "nixpkgs": [
          "nixpkgs"
        ]
      },
      "locked": {
        "lastModified": 1670178971,
        "narHash": "sha256-LVCg81MP4Su4tq4fm0y7ILRrSPm5rOthdHEqKHN7kS0=",
        "owner": "nrabulinski",
        "repo": "nur-packages",
        "rev": "f18a4aa3f7a11548dd3a71708fd7e8b378cb883b",
        "type": "github"
      },
      "original": {
        "owner": "nrabulinski",
        "repo": "nur-packages",
        "type": "github"
      }
    },
    "root": {
      "inputs": {
        "crane": "crane",
        "fenix": "fenix",
        "flake-parts": "flake-parts",
        "flake-utils": "flake-utils",
        "nixpkgs": "nixpkgs",
        "nur": "nur",
        "rust-overlay": "rust-overlay"
      }
    },
    "rust-analyzer-src": {
      "flake": false,
      "locked": {
        "lastModified": 1670426523,
        "narHash": "sha256-Zh+pAuj4PmBmISXCz+54yVSwSXZwbn+ZELgM85xVUE0=",
        "owner": "rust-lang",
        "repo": "rust-analyzer",
        "rev": "6e8a54d0f68702cf7981c8299357838eb0f4d5b2",
        "type": "github"
      },
      "original": {
        "owner": "rust-lang",
        "ref": "nightly",
        "repo": "rust-analyzer",
        "type": "github"
      }
    },
    "rust-overlay": {
      "inputs": {
        "flake-utils": [
          "flake-utils"
        ],
        "nixpkgs": [
          "nixpkgs"
        ]
      },
      "locked": {
        "lastModified": 1670466538,
        "narHash": "sha256-qz3MwPVTHJb62vPRJMXJ+waqjEUHrjTyjXyLHqF0DrE=",
        "owner": "oxalica",
        "repo": "rust-overlay",
        "rev": "073959f0687277a54bfaa3ac7a77feb072f88186",
        "type": "github"
      },
      "original": {
        "owner": "oxalica",
        "repo": "rust-overlay",
        "type": "github"
      }
    }
  },
  "root": "root",
  "version": 7
}
